
Microsoft Visual Studio Solution File, Format Version 12.00
# Visual Studio Version 17
VisualStudioVersion = 17.7.34221.43
MinimumVisualStudioVersion = 10.0.40219.1
Project("{9A19103F-16F7-4668-BE54-9A1E7A4F7556}") = "Exercise_2Tests", "Exercise_2Tests\Exercise_2Tests.csproj", "{AC79FD92-0934-4F64-98E7-D7D269E8A1A7}"
EndProject
Project("{FAE04EC0-301F-11D3-BF4B-00C04F79EFBC}") = "FactoryMethodExercise", "FactoryMethodExercise\FactoryMethodExercise.csproj", "{A69B61E6-77D2-4FFB-9B84-AA6960EDAF11}"
EndProject
Project("{FAE04EC0-301F-11D3-BF4B-00C04F79EFBC}") = "BuilderMethodExercise", "BuilderMethodExercise\BuilderMethodExercise.csproj", "{62979BC6-FE4B-46F0-ABFB-6CEBC2FA9DEF}"
EndProject
Project("{FAE04EC0-301F-11D3-BF4B-00C04F79EFBC}") = "Exercise_1Tests", "Exercise_1Tests\Exercise_1Tests.csproj", "{B9BC1D64-9C8C-4689-904A-F3686B99653B}"
EndProject
Project("{FAE04EC0-301F-11D3-BF4B-00C04F79EFBC}") = "PrototypePatternExercise", "PrototypePatternExercise\PrototypePatternExercise.csproj", "{53F17587-60B7-43F0-AE7F-F4336CFB6205}"
EndProject
Project("{FAE04EC0-301F-11D3-BF4B-00C04F79EFBC}") = "Exercise_3Tests", "Exercise_3Tests\Exercise_3Tests.csproj", "{92AFDFCC-9F5F-4884-9398-5CBE374F9144}"
EndProject
Global
	GlobalSection(SolutionConfigurationPlatforms) = preSolution
		Debug|Any CPU = Debug|Any CPU
		Release|Any CPU = Release|Any CPU
	EndGlobalSection
	GlobalSection(ProjectConfigurationPlatforms) = postSolution
		{AC79FD92-0934-4F64-98E7-D7D269E8A1A7}.Debug|Any CPU.ActiveCfg = Debug|Any CPU
		{AC79FD92-0934-4F64-98E7-D7D269E8A1A7}.Debug|Any CPU.Build.0 = Debug|Any CPU
		{AC79FD92-0934-4F64-98E7-D7D269E8A1A7}.Release|Any CPU.ActiveCfg = Release|Any CPU
		{AC79FD92-0934-4F64-98E7-D7D269E8A1A7}.Release|Any CPU.Build.0 = Release|Any CPU
		{A69B61E6-77D2-4FFB-9B84-AA6960EDAF11}.Debug|Any CPU.ActiveCfg = Debug|Any CPU
		{A69B61E6-77D2-4FFB-9B84-AA6960EDAF11}.Debug|Any CPU.Build.0 = Debug|Any CPU
		{A69B61E6-77D2-4FFB-9B84-AA6960EDAF11}.Release|Any CPU.ActiveCfg = Release|Any CPU
		{A69B61E6-77D2-4FFB-9B84-AA6960EDAF11}.Release|Any CPU.Build.0 = Release|Any CPU
		{62979BC6-FE4B-46F0-ABFB-6CEBC2FA9DEF}.Debug|Any CPU.ActiveCfg = Debug|Any CPU
		{62979BC6-FE4B-46F0-ABFB-6CEBC2FA9DEF}.Debug|Any CPU.Build.0 = Debug|Any CPU
		{62979BC6-FE4B-46F0-ABFB-6CEBC2FA9DEF}.Release|Any CPU.ActiveCfg = Release|Any CPU
		{62979BC6-FE4B-46F0-ABFB-6CEBC2FA9DEF}.Release|Any CPU.Build.0 = Release|Any CPU
		{B9BC1D64-9C8C-4689-904A-F3686B99653B}.Debug|Any CPU.ActiveCfg = Debug|Any CPU
		{B9BC1D64-9C8C-4689-904A-F3686B99653B}.Debug|Any CPU.Build.0 = Debug|Any CPU
		{B9BC1D64-9C8C-4689-904A-F3686B99653B}.Release|Any CPU.ActiveCfg = Release|Any CPU
		{B9BC1D64-9C8C-4689-904A-F3686B99653B}.Release|Any CPU.Build.0 = Release|Any CPU
		{53F17587-60B7-43F0-AE7F-F4336CFB6205}.Debug|Any CPU.ActiveCfg = Debug|Any CPU
		{53F17587-60B7-43F0-AE7F-F4336CFB6205}.Debug|Any CPU.Build.0 = Debug|Any CPU
		{53F17587-60B7-43F0-AE7F-F4336CFB6205}.Release|Any CPU.ActiveCfg = Release|Any CPU
		{53F17587-60B7-43F0-AE7F-F4336CFB6205}.Release|Any CPU.Build.0 = Release|Any CPU
		{92AFDFCC-9F5F-4884-9398-5CBE374F9144}.Debug|Any CPU.ActiveCfg = Debug|Any CPU
		{92AFDFCC-9F5F-4884-9398-5CBE374F9144}.Debug|Any CPU.Build.0 = Debug|Any CPU
		{92AFDFCC-9F5F-4884-9398-5CBE374F9144}.Release|Any CPU.ActiveCfg = Release|Any CPU
		{92AFDFCC-9F5F-4884-9398-5CBE374F9144}.Release|Any CPU.Build.0 = Release|Any CPU
	EndGlobalSection
	GlobalSection(SolutionProperties) = preSolution
		HideSolutionNode = FALSE
	EndGlobalSection
	GlobalSection(ExtensibilityGlobals) = postSolution
		SolutionGuid = {5D79F639-7BA3-421A-8425-18371F9EA0CC}
	EndGlobalSection
EndGlobal
